
Microsoft Visual Studio Solution File, Format Version 12.00
# Visual Studio Version 16
VisualStudioVersion = 16.0.30717.126
MinimumVisualStudioVersion = 10.0.40219.1
Project("{FAE04EC0-301F-11D3-BF4B-00C04F79EFBC}") = "DotNetConf2020.GraphNet5", "DotNetConf2020.GraphNet5\DotNetConf2020.GraphNet5.csproj", "{D0C67D33-31AE-47BD-B581-3226330D79B9}"
EndProject
Global
	GlobalSection(SolutionConfigurationPlatforms) = preSolution
		Debug|Any CPU = Debug|Any CPU
		Release|Any CPU = Release|Any CPU
	EndGlobalSection
	GlobalSection(ProjectConfigurationPlatforms) = postSolution
		{D0C67D33-31AE-47BD-B581-3226330D79B9}.Debug|Any CPU.ActiveCfg = Debug|Any CPU
		{D0C67D33-31AE-47BD-B581-3226330D79B9}.Debug|Any CPU.Build.0 = Debug|Any CPU
		{D0C67D33-31AE-47BD-B581-3226330D79B9}.Release|Any CPU.ActiveCfg = Release|Any CPU
		{D0C67D33-31AE-47BD-B581-3226330D79B9}.Release|Any CPU.Build.0 = Release|Any CPU
	EndGlobalSection
	GlobalSection(SolutionProperties) = preSolution
		HideSolutionNode = FALSE
	EndGlobalSection
	GlobalSection(ExtensibilityGlobals) = postSolution
		SolutionGuid = {C351F621-99F8-456C-818F-6E321F80F8DB}
	EndGlobalSection
EndGlobal
